
Microsoft Visual Studio Solution File, Format Version 12.00
# Visual Studio Version 17
VisualStudioVersion = 17.9.34622.214
MinimumVisualStudioVersion = 10.0.40219.1
Project("{FAE04EC0-301F-11D3-BF4B-00C04F79EFBC}") = "CRS.Game.ClickFly", "CRS.Game.ClickFly\CRS.Game.ClickFly.csproj", "{704B99BB-B597-40F2-A2CF-28ADEE7D60B1}"
EndProject
Global
	GlobalSection(SolutionConfigurationPlatforms) = preSolution
		Debug|Any CPU = Debug|Any CPU
		Release|Any CPU = Release|Any CPU
	EndGlobalSection
	GlobalSection(ProjectConfigurationPlatforms) = postSolution
		{704B99BB-B597-40F2-A2CF-28ADEE7D60B1}.Debug|Any CPU.ActiveCfg = Debug|Any CPU
		{704B99BB-B597-40F2-A2CF-28ADEE7D60B1}.Debug|Any CPU.Build.0 = Debug|Any CPU
		{704B99BB-B597-40F2-A2CF-28ADEE7D60B1}.Release|Any CPU.ActiveCfg = Release|Any CPU
		{704B99BB-B597-40F2-A2CF-28ADEE7D60B1}.Release|Any CPU.Build.0 = Release|Any CPU
	EndGlobalSection
	GlobalSection(SolutionProperties) = preSolution
		HideSolutionNode = FALSE
	EndGlobalSection
	GlobalSection(ExtensibilityGlobals) = postSolution
		SolutionGuid = {11999765-AAA5-4C5E-8F46-9AB1EA8FEF07}
	EndGlobalSection
EndGlobal
